
Microsoft Visual Studio Solution File, Format Version 12.00
# Visual Studio Version 17
VisualStudioVersion = 17.5.33424.131
MinimumVisualStudioVersion = 10.0.40219.1
Project("{FAE04EC0-301F-11D3-BF4B-00C04F79EFBC}") = "WPF.Navigation", "WPF.Navigation\WPF.Navigation.csproj", "{FED0E053-2351-4EAC-8AA7-4B030D93D965}"
EndProject
Global
	GlobalSection(SolutionConfigurationPlatforms) = preSolution
		Debug|Any CPU = Debug|Any CPU
		Release|Any CPU = Release|Any CPU
	EndGlobalSection
	GlobalSection(ProjectConfigurationPlatforms) = postSolution
		{FED0E053-2351-4EAC-8AA7-4B030D93D965}.Debug|Any CPU.ActiveCfg = Debug|Any CPU
		{FED0E053-2351-4EAC-8AA7-4B030D93D965}.Debug|Any CPU.Build.0 = Debug|Any CPU
		{FED0E053-2351-4EAC-8AA7-4B030D93D965}.Release|Any CPU.ActiveCfg = Release|Any CPU
		{FED0E053-2351-4EAC-8AA7-4B030D93D965}.Release|Any CPU.Build.0 = Release|Any CPU
	EndGlobalSection
	GlobalSection(SolutionProperties) = preSolution
		HideSolutionNode = FALSE
	EndGlobalSection
	GlobalSection(ExtensibilityGlobals) = postSolution
		SolutionGuid = {72B05929-5D46-45DF-BF11-F35C5A29AF30}
	EndGlobalSection
EndGlobal
